
Microsoft Visual Studio Solution File, Format Version 12.00
# Visual Studio Version 17
VisualStudioVersion = 17.9.34622.214
MinimumVisualStudioVersion = 10.0.40219.1
Project("{FAE04EC0-301F-11D3-BF4B-00C04F79EFBC}") = "xadrez-console", "xadrez-console.csproj", "{CC65997D-5B02-4F4D-866A-CCA7F44F6CAD}"
EndProject
Global
	GlobalSection(SolutionConfigurationPlatforms) = preSolution
		Debug|Any CPU = Debug|Any CPU
		Release|Any CPU = Release|Any CPU
	EndGlobalSection
	GlobalSection(ProjectConfigurationPlatforms) = postSolution
		{CC65997D-5B02-4F4D-866A-CCA7F44F6CAD}.Debug|Any CPU.ActiveCfg = Debug|Any CPU
		{CC65997D-5B02-4F4D-866A-CCA7F44F6CAD}.Debug|Any CPU.Build.0 = Debug|Any CPU
		{CC65997D-5B02-4F4D-866A-CCA7F44F6CAD}.Release|Any CPU.ActiveCfg = Release|Any CPU
		{CC65997D-5B02-4F4D-866A-CCA7F44F6CAD}.Release|Any CPU.Build.0 = Release|Any CPU
	EndGlobalSection
	GlobalSection(SolutionProperties) = preSolution
		HideSolutionNode = FALSE
	EndGlobalSection
	GlobalSection(ExtensibilityGlobals) = postSolution
		SolutionGuid = {748C4357-D4DC-4D52-A23C-EEE55FD325B6}
	EndGlobalSection
EndGlobal
